PODS:
  - Alamofire (5.6.4)
  - HandyJSON (5.0.2)
  - Moya (15.0.0):
    - Moya/Core (= 15.0.0)
  - Moya/Core (15.0.0):
    - Alamofire (~> 5.0)

DEPENDENCIES:
  - HandyJSON
  - Moya

SPEC REPOS:
  https://github.com/CocoaPods/Specs.git:
    - Alamofire
    - HandyJSON
    - Moya

SPEC CHECKSUMS:
  Alamofire: 4e95d97098eacb88856099c4fc79b526a299e48c
  HandyJSON: 9e4e236f5d2dbefad5155a77417bbea438201c03
  Moya: 138f0573e53411fb3dc17016add0b748dfbd78ee

PODFILE CHECKSUM: a26e66787769f40bc706ce6b15caad1b89dd0b9c

COCOAPODS: 1.15.2
